// !$*UTF8*$!
{
	archiveVersion = 1;
	classes = {
	};
	objectVersion = 50;
	objects = {

/* Begin PBXBuildFile section */
		645ECCA126A71CB800AD0411 /* SettingsViewController.swift in Sources */ = {isa = PBXBuildFile; fileRef = 645ECCA026A71CB800AD0411 /* SettingsViewController.swift */; };
		6469FAC026A689E700FCD8A2 /* AppDelegate.swift in Sources */ = {isa = PBXBuildFile; fileRef = 6469FABF26A689E700FCD8A2 /* AppDelegate.swift */; };
		6469FAC226A689E700FCD8A2 /* SceneDelegate.swift in Sources */ = {isa = PBXBuildFile; fileRef = 6469FAC126A689E700FCD8A2 /* SceneDelegate.swift */; };
		6469FAC426A689E700FCD8A2 /* ViewController.swift in Sources */ = {isa = PBXBuildFile; fileRef = 6469FAC326A689E700FCD8A2 /* ViewController.swift */; };
		6469FAC726A689E700FCD8A2 /* Main.storyboard in Resources */ = {isa = PBXBuildFile; fileRef = 6469FAC526A689E700FCD8A2 /* Main.storyboard */; };
		6469FAC926A689EA00FCD8A2 /* Assets.xcassets in Resources */ = {isa = PBXBuildFile; fileRef = 6469FAC826A689EA00FCD8A2 /* Assets.xcassets */; };
		6469FACC26A689EA00FCD8A2 /* LaunchScreen.storyboard in Resources */ = {isa = PBXBuildFile; fileRef = 6469FACA26A689EA00FCD8A2 /* LaunchScreen.storyboard */; };
		6469FAD726A689EA00FCD8A2 /* PreworkTests.swift in Sources */ = {isa = PBXBuildFile; fileRef = 6469FAD626A689EA00FCD8A2 /* PreworkTests.swift */; };
		6469FAE226A689EA00FCD8A2 /* PreworkUITests.swift in Sources */ = {isa = PBXBuildFile; fileRef = 6469FAE126A689EA00FCD8A2 /* PreworkUITests.swift */; };
/* End PBXBuildFile section */

/* Begin PBXContainerItemProxy section */
		6469FAD326A689EA00FCD8A2 /* PBXContainerItemProxy */ = {
			isa = PBXContainerItemProxy;
			containerPortal = 6469FAB426A689E700FCD8A2 /* Project object */;
			proxyType = 1;
			remoteGlobalIDString = 6469FABB26A689E700FCD8A2;
			remoteInfo = Prework;
		};
		6469FADE26A689EA00FCD8A2 /* PBXContainerItemProxy */ = {
			isa = PBXContainerItemProxy;
			containerPortal = 6469FAB426A689E700FCD8A2 /* Project object */;
			proxyType = 1;
			remoteGlobalIDString = 6469FABB26A689E700FCD8A2;
			remoteInfo = Prework;
		};
/* End PBXContainerItemProxy section */

/* Begin PBXFileReference section */
		645ECCA026A71CB800AD0411 /* SettingsViewController.swift */ = {isa = PBXFileReference; lastKnownFileType = sourcecode.swift; path = SettingsViewController.swift; sourceTree = "<group>"; };
		6469FABC26A689E700FCD8A2 /* Prework.app */ = {isa = PBXFileReference; explicitFileType = wrapper.application; includeInIndex = 0; path = Prework.app; sourceTree = BUILT_PRODUCTS_DIR; };
		6469FABF26A689E700FCD8A2 /* AppDelegate.swift */ = {isa = PBXFileReference; lastKnownFileType = sourcecode.swift; path = AppDelegate.swift; sourceTree = "<group>"; };
		6469FAC126A689E700FCD8A2 /* SceneDelegate.swift */ = {isa = PBXFileReference; lastKnownFileType = sourcecode.swift; path = SceneDelegate.swift; sourceTree = "<group>"; };
		6469FAC326A689E700FCD8A2 /* ViewController.swift */ = {isa = PBXFileReference; lastKnownFileType = sourcecode.swift; path = ViewController.swift; sourceTree = "<group>"; };
		6469FAC626A689E700FCD8A2 /* Base */ = {isa = PBXFileReference; lastKnownFileType = file.storyboard; name = Base; path = Base.lproj/Main.storyboard; sourceTree = "<group>"; };
		6469FAC826A689EA00FCD8A2 /* Assets.xcassets */ = {isa = PBXFileReference; lastKnownFileType = folder.assetcatalog; path = Assets.xcassets; sourceTree = "<group>"; };
		6469FACB26A689EA00FCD8A2 /* Base */ = {isa = PBXFileReference; lastKnownFileType = file.storyboard; name = Base; path = Base.lproj/LaunchScreen.storyboard; sourceTree = "<group>"; };
		6469FACD26A689EA00FCD8A2 /* Info.plist */ = {isa = PBXFileReference; lastKnownFileType = text.plist.xml; path = Info.plist; sourceTree = "<group>"; };
		6469FAD226A689EA00FCD8A2 /* PreworkTests.xctest */ = {isa = PBXFileReference; explicitFileType = wrapper.cfbundle; includeInIndex = 0; path = PreworkTests.xctest; sourceTree = BUILT_PRODUCTS_DIR; };
		6469FAD626A689EA00FCD8A2 /* PreworkTests.swift */ = {isa = PBXFileReference; lastKnownFileType = sourcecode.swift; path = PreworkTests.swift; sourceTree = "<group>"; };
		6469FAD826A689EA00FCD8A2 /* Info.plist */ = {isa = PBXFileReference; lastKnownFileType = text.plist.xml; path = Info.plist; sourceTree = "<group>"; };
		6469FADD26A689EA00FCD8A2 /* PreworkUITests.xctest */ = {isa = PBXFileReference; explicitFileType = wrapper.cfbundle; includeInIndex = 0; path = PreworkUITests.xctest; sourceTree = BUILT_PRODUCTS_DIR; };
		6469FAE126A689EA00FCD8A2 /* PreworkUITests.swift */ = {isa = PBXFileReference; lastKnownFileType = sourcecode.swift; path = PreworkUITests.swift; sourceTree = "<group>"; };
		6469FAE326A689EA00FCD8A2 /* Info.plist */ = {isa = PBXFileReference; lastKnownFileType = text.plist.xml; path = Info.plist; sourceTree = "<group>"; };
/* End PBXFileReference section */

/* Begin PBXFrameworksBuildPhase section */
		6469FAB926A689E700FCD8A2 /* Frameworks */ = {
			isa = PBXFrameworksBuildPhase;
			buildActionMask = 2147483647;
			files = (
			);
			runOnlyForDeploymentPostprocessing = 0;
		};
		6469FACF26A689EA00FCD8A2 /* Frameworks */ = {
			isa = PBXFrameworksBuildPhase;
			buildActionMask = 2147483647;
			files = (
			);
			runOnlyForDeploymentPostprocessing = 0;
		};
		6469FADA26A689EA00FCD8A2 /* Frameworks */ = {
			isa = PBXFrameworksBuildPhase;
			buildActionMask = 2147483647;
			files = (
			);
			runOnlyForDeploymentPostprocessing = 0;
		};
/* End PBXFrameworksBuildPhase section */

/* Begin PBXGroup section */
		6469FAB326A689E700FCD8A2 = {
			isa = PBXGroup;
			children = (
				6469FABE26A689E700FCD8A2 /* Prework */,
				6469FAD526A689EA00FCD8A2 /* PreworkTests */,
				6469FAE026A689EA00FCD8A2 /* PreworkUITests */,
				6469FABD26A689E700FCD8A2 /* Products */,
			);
			sourceTree = "<group>";
		};
		6469FABD26A689E700FCD8A2 /* Products */ = {
			isa = PBXGroup;
			children = (
				6469FABC26A689E700FCD8A2 /* Prework.app */,
				6469FAD226A689EA00FCD8A2 /* PreworkTests.xctest */,
				6469FADD26A689EA00FCD8A2 /* PreworkUITests.xctest */,
			);
			name = Products;
			sourceTree = "<group>";
		};
		6469FABE26A689E700FCD8A2 /* Prework */ = {
			isa = PBXGroup;
			children = (
				6469FABF26A689E700FCD8A2 /* AppDelegate.swift */,
				6469FAC126A689E700FCD8A2 /* SceneDelegate.swift */,
				6469FAC326A689E700FCD8A2 /* ViewController.swift */,
				645ECCA026A71CB800AD0411 /* SettingsViewController.swift */,
				6469FAC526A689E700FCD8A2 /* Main.storyboard */,
				6469FAC826A689EA00FCD8A2 /* Assets.xcassets */,
				6469FACA26A689EA00FCD8A2 /* LaunchScreen.storyboard */,
				6469FACD26A689EA00FCD8A2 /* Info.plist */,
			);
			path = Prework;
			sourceTree = "<group>";
		};
		6469FAD526A689EA00FCD8A2 /* PreworkTests */ = {
			isa = PBXGroup;
			children = (
				6469FAD626A689EA00FCD8A2 /* PreworkTests.swift */,
				6469FAD826A689EA00FCD8A2 /* Info.plist */,
			);
			path = PreworkTests;
			sourceTree = "<group>";
		};
		6469FAE026A689EA00FCD8A2 /* PreworkUITests */ = {
			isa = PBXGroup;
			children = (
				6469FAE126A689EA00FCD8A2 /* PreworkUITests.swift */,
				6469FAE326A689EA00FCD8A2 /* Info.plist */,
			);
			path = PreworkUITests;
			sourceTree = "<group>";
		};
/* End PBXGroup section */

/* Begin PBXNativeTarget section */
		6469FABB26A689E700FCD8A2 /* Prework */ = {
			isa = PBXNativeTarget;
			buildConfigurationList = 6469FAE626A689EA00FCD8A2 /* Build configuration list for PBXNativeTarget "Prework" */;
			buildPhases = (
				6469FAB826A689E700FCD8A2 /* Sources */,
				6469FAB926A689E700FCD8A2 /* Frameworks */,
				6469FABA26A689E700FCD8A2 /* Resources */,
			);
			buildRules = (
			);
			dependencies = (
			);
			name = Prework;
			productName = Prework;
			productReference = 6469FABC26A689E700FCD8A2 /* Prework.app */;
			productType = "com.apple.product-type.application";
		};
		6469FAD126A689EA00FCD8A2 /* PreworkTests */ = {
			isa = PBXNativeTarget;
			buildConfigurationList = 6469FAE926A689EA00FCD8A2 /* Build configuration list for PBXNativeTarget "PreworkTests" */;
			buildPhases = (
				6469FACE26A689EA00FCD8A2 /* Sources */,
				6469FACF26A689EA00FCD8A2 /* Frameworks */,
				6469FAD026A689EA00FCD8A2 /* Resources */,
			);
			buildRules = (
			);
			dependencies = (
				6469FAD426A689EA00FCD8A2 /* PBXTargetDependency */,
			);
			name = PreworkTests;
			productName = PreworkTests;
			productReference = 6469FAD226A689EA00FCD8A2 /* PreworkTests.xctest */;
			productType = "com.apple.product-type.bundle.unit-test";
		};
		6469FADC26A689EA00FCD8A2 /* PreworkUITests */ = {
			isa = PBXNativeTarget;
			buildConfigurationList = 6469FAEC26A689EA00FCD8A2 /* Build configuration list for PBXNativeTarget "PreworkUITests" */;
			buildPhases = (
				6469FAD926A689EA00FCD8A2 /* Sources */,
				6469FADA26A689EA00FCD8A2 /* Frameworks */,
				6469FADB26A689EA00FCD8A2 /* Resources */,
			);
			buildRules = (
			);
			dependencies = (
				6469FADF26A689EA00FCD8A2 /* PBXTargetDependency */,
			);
			name = PreworkUITests;
			productName = PreworkUITests;
			productReference = 6469FADD26A689EA00FCD8A2 /* PreworkUITests.xctest */;
			productType = "com.apple.product-type.bundle.ui-testing";
		};
/* End PBXNativeTarget section */

/* Begin PBXProject section */
		6469FAB426A689E700FCD8A2 /* Project object */ = {
			isa = PBXProject;
			attributes = {
				LastSwiftUpdateCheck = 1250;
				LastUpgradeCheck = 1250;
				TargetAttributes = {
					6469FABB26A689E700FCD8A2 = {
						CreatedOnToolsVersion = 12.5.1;
					};
					6469FAD126A689EA00FCD8A2 = {
						CreatedOnToolsVersion = 12.5.1;
						TestTargetID = 6469FABB26A689E700FCD8A2;
					};
					6469FADC26A689EA00FCD8A2 = {
						CreatedOnToolsVersion = 12.5.1;
						TestTargetID = 6469FABB26A689E700FCD8A2;
					};
				};
			};
			buildConfigurationList = 6469FAB726A689E700FCD8A2 /* Build configuration list for PBXProject "Prework" */;
			compatibilityVersion = "Xcode 9.3";
			developmentRegion = en;
			hasScannedForEncodings = 0;
			knownRegions = (
				en,
				Base,
			);
			mainGroup = 6469FAB326A689E700FCD8A2;
			productRefGroup = 6469FABD26A689E700FCD8A2 /* Products */;
			projectDirPath = "";
			projectRoot = "";
			targets = (
				6469FABB26A689E700FCD8A2 /* Prework */,
				6469FAD126A689EA00FCD8A2 /* PreworkTests */,
				6469FADC26A689EA00FCD8A2 /* PreworkUITests */,
			);
		};
/* End PBXProject section */

/* Begin PBXResourcesBuildPhase section */
		6469FABA26A689E700FCD8A2 /* Resources */ = {
			isa = PBXResourcesBuildPhase;
			buildActionMask = 2147483647;
			files = (
				6469FACC26A689EA00FCD8A2 /* LaunchScreen.storyboard in Resources */,
				6469FAC926A689EA00FCD8A2 /* Assets.xcassets in Resources */,
				6469FAC726A689E700FCD8A2 /* Main.storyboard in Resources */,
			);
			runOnlyForDeploymentPostprocessing = 0;
		};
		6469FAD026A689EA00FCD8A2 /* Resources */ = {
			isa = PBXResourcesBuildPhase;
			buildActionMask = 2147483647;
			files = (
			);
			runOnlyForDeploymentPostprocessing = 0;
		};
		6469FADB26A689EA00FCD8A2 /* Resources */ = {
			isa = PBXResourcesBuildPhase;
			buildActionMask = 2147483647;
			files = (
			);
			runOnlyForDeploymentPostprocessing = 0;
		};
/* End PBXResourcesBuildPhase section */

/* Begin PBXSourcesBuildPhase section */
		6469FAB826A689E700FCD8A2 /* Sources */ = {
			isa = PBXSourcesBuildPhase;
			buildActionMask = 2147483647;
			files = (
				6469FAC426A689E700FCD8A2 /* ViewController.swift in Sources */,
				6469FAC026A689E700FCD8A2 /* AppDelegate.swift in Sources */,
				6469FAC226A689E700FCD8A2 /* SceneDelegate.swift in Sources */,
				645ECCA126A71CB800AD0411 /* SettingsViewController.swift in Sources */,
			);
			runOnlyForDeploymentPostprocessing = 0;
		};
		6469FACE26A689EA00FCD8A2 /* Sources */ = {
			isa = PBXSourcesBuildPhase;
			buildActionMask = 2147483647;
			files = (
				6469FAD726A689EA00FCD8A2 /* PreworkTests.swift in Sources */,
			);
			runOnlyForDeploymentPostprocessing = 0;
		};
		6469FAD926A689EA00FCD8A2 /* Sources */ = {
			isa = PBXSourcesBuildPhase;
			buildActionMask = 2147483647;
			files = (
				6469FAE226A689EA00FCD8A2 /* PreworkUITests.swift in Sources */,
			);
			runOnlyForDeploymentPostprocessing = 0;
		};
/* End PBXSourcesBuildPhase section */

/* Begin PBXTargetDependency section */
		6469FAD426A689EA00FCD8A2 /* PBXTargetDependency */ = {
			isa = PBXTargetDependency;
			target = 6469FABB26A689E700FCD8A2 /* Prework */;
			targetProxy = 6469FAD326A689EA00FCD8A2 /* PBXContainerItemProxy */;
		};
		6469FADF26A689EA00FCD8A2 /* PBXTargetDependency */ = {
			isa = PBXTargetDependency;
			target = 6469FABB26A689E700FCD8A2 /* Prework */;
			targetProxy = 6469FADE26A689EA00FCD8A2 /* PBXContainerItemProxy */;
		};
/* End PBXTargetDependency section */

/* Begin PBXVariantGroup section */
		6469FAC526A689E700FCD8A2 /* Main.storyboard */ = {
			isa = PBXVariantGroup;
			children = (
				6469FAC626A689E700FCD8A2 /* Base */,
			);
			name = Main.storyboard;
			sourceTree = "<group>";
		};
		6469FACA26A689EA00FCD8A2 /* LaunchScreen.storyboard */ = {
			isa = PBXVariantGroup;
			children = (
				6469FACB26A689EA00FCD8A2 /* Base */,
			);
			name = LaunchScreen.storyboard;
			sourceTree = "<group>";
		};
/* End PBXVariantGroup section */

/* Begin XCBuildConfiguration section */
		6469FAE426A689EA00FCD8A2 /* Debug */ = {
			isa = XCBuildConfiguration;
			buildSettings = {
				ALWAYS_SEARCH_USER_PATHS = NO;
				CLANG_ANALYZER_NONNULL = YES;
				CLANG_ANALYZER_NUMBER_OBJECT_CONVERSION = YES_AGGRESSIVE;
				CLANG_CXX_LANGUAGE_STANDARD = "gnu++14";
				CLANG_CXX_LIBRARY = "libc++";
				CLANG_ENABLE_MODULES = YES;
				CLANG_ENABLE_OBJC_ARC = YES;
				CLANG_ENABLE_OBJC_WEAK = YES;
				CLANG_WARN_BLOCK_CAPTURE_AUTORELEASING = YES;
				CLANG_WARN_BOOL_CONVERSION = YES;
				CLANG_WARN_COMMA = YES;
				CLANG_WARN_CONSTANT_CONVERSION = YES;
				CLANG_WARN_DEPRECATED_OBJC_IMPLEMENTATIONS = YES;
				CLANG_WARN_DIRECT_OBJC_ISA_USAGE = YES_ERROR;
				CLANG_WARN_DOCUMENTATION_COMMENTS = YES;
				CLANG_WARN_EMPTY_BODY = YES;
				CLANG_WARN_ENUM_CONVERSION = YES;
				CLANG_WARN_INFINITE_RECURSION = YES;
				CLANG_WARN_INT_CONVERSION = YES;
				CLANG_WARN_NON_LITERAL_NULL_CONVERSION = YES;
				CLANG_WARN_OBJC_IMPLICIT_RETAIN_SELF = YES;
				CLANG_WARN_OBJC_LITERAL_CONVERSION = YES;
				CLANG_WARN_OBJC_ROOT_CLASS = YES_ERROR;
				CLANG_WARN_QUOTED_INCLUDE_IN_FRAMEWORK_HEADER = YES;
				CLANG_WARN_RANGE_LOOP_ANALYSIS = YES;
				CLANG_WARN_STRICT_PROTOTYPES = YES;
				CLANG_WARN_SUSPICIOUS_MOVE = YES;
				CLANG_WARN_UNGUARDED_AVAILABILITY = YES_AGGRESSIVE;
				CLANG_WARN_UNREACHABLE_CODE = YES;
				CLANG_WARN__DUPLICATE_METHOD_MATCH = YES;
				COPY_PHASE_STRIP = NO;
				DEBUG_INFORMATION_FORMAT = dwarf;
				ENABLE_STRICT_OBJC_MSGSEND = YES;
				ENABLE_TESTABILITY = YES;
				GCC_C_LANGUAGE_STANDARD = gnu11;
				GCC_DYNAMIC_NO_PIC = NO;
				GCC_NO_COMMON_BLOCKS = YES;
				GCC_OPTIMIZATION_LEVEL = 0;
				GCC_PREPROCESSOR_DEFINITIONS = (
					"DEBUG=1",
					"$(inherited)",
				);
				GCC_WARN_64_TO_32_BIT_CONVERSION = YES;
				GCC_WARN_ABOUT_RETURN_TYPE = YES_ERROR;
				GCC_WARN_UNDECLARED_SELECTOR = YES;
				GCC_WARN_UNINITIALIZED_AUTOS = YES_AGGRESSIVE;
				GCC_WARN_UNUSED_FUNCTION = YES;
				GCC_WARN_UNUSED_VARIABLE = YES;
				IPHONEOS_DEPLOYMENT_TARGET = 14.5;
				MTL_ENABLE_DEBUG_INFO = INCLUDE_SOURCE;
				MTL_FAST_MATH = YES;
				ONLY_ACTIVE_ARCH = YES;
				SDKROOT = iphoneos;
				SWIFT_ACTIVE_COMPILATION_CONDITIONS = DEBUG;
				SWIFT_OPTIMIZATION_LEVEL = "-Onone";
			};
			name = Debug;
		};
		6469FAE526A689EA00FCD8A2 /* Release */ = {
			isa = XCBuildConfiguration;
			buildSettings = {
				ALWAYS_SEARCH_USER_PATHS = NO;
				CLANG_ANALYZER_NONNULL = YES;
				CLANG_ANALYZER_NUMBER_OBJECT_CONVERSION = YES_AGGRESSIVE;
				CLANG_CXX_LANGUAGE_STANDARD = "gnu++14";
				CLANG_CXX_LIBRARY = "libc++";
				CLANG_ENABLE_MODULES = YES;
				CLANG_ENABLE_OBJC_ARC = YES;
				CLANG_ENABLE_OBJC_WEAK = YES;
				CLANG_WARN_BLOCK_CAPTURE_AUTORELEASING = YES;
				CLANG_WARN_BOOL_CONVERSION = YES;
				CLANG_WARN_COMMA = YES;
				CLANG_WARN_CONSTANT_CONVERSION = YES;
				CLANG_WARN_DEPRECATED_OBJC_IMPLEMENTATIONS = YES;
				CLANG_WARN_DIRECT_OBJC_ISA_USAGE = YES_ERROR;
				CLANG_WARN_DOCUMENTATION_COMMENTS = YES;
				CLANG_WARN_EMPTY_BODY = YES;
				CLANG_WARN_ENUM_CONVERSION = YES;
				CLANG_WARN_INFINITE_RECURSION = YES;
				CLANG_WARN_INT_CONVERSION = YES;
				CLANG_WARN_NON_LITERAL_NULL_CONVERSION = YES;
				CLANG_WARN_OBJC_IMPLICIT_RETAIN_SELF = YES;
				CLANG_WARN_OBJC_LITERAL_CONVERSION = YES;
				CLANG_WARN_OBJC_ROOT_CLASS = YES_ERROR;
				CLANG_WARN_QUOTED_INCLUDE_IN_FRAMEWORK_HEADER = YES;
				CLANG_WARN_RANGE_LOOP_ANALYSIS = YES;
				CLANG_WARN_STRICT_PROTOTYPES = YES;
				CLANG_WARN_SUSPICIOUS_MOVE = YES;
				CLANG_WARN_UNGUARDED_AVAILABILITY = YES_AGGRESSIVE;
				CLANG_WARN_UNREACHABLE_CODE = YES;
				CLANG_WARN__DUPLICATE_METHOD_MATCH = YES;
				COPY_PHASE_STRIP = NO;
				DEBUG_INFORMATION_FORMAT = "dwarf-with-dsym";
				ENABLE_NS_ASSERTIONS = NO;
				ENABLE_STRICT_OBJC_MSGSEND = YES;
				GCC_C_LANGUAGE_STANDARD = gnu11;
				GCC_NO_COMMON_BLOCKS = YES;
				GCC_WARN_64_TO_32_BIT_CONVERSION = YES;
				GCC_WARN_ABOUT_RETURN_TYPE = YES_ERROR;
				GCC_WARN_UNDECLARED_SELECTOR = YES;
				GCC_WARN_UNINITIALIZED_AUTOS = YES_AGGRESSIVE;
				GCC_WARN_UNUSED_FUNCTION = YES;
				GCC_WARN_UNUSED_VARIABLE = YES;
				IPHONEOS_DEPLOYMENT_TARGET = 14.5;
				MTL_ENABLE_DEBUG_INFO = NO;
				MTL_FAST_MATH = YES;
				SDKROOT = iphoneos;
				SWIFT_COMPILATION_MODE = wholemodule;
				SWIFT_OPTIMIZATION_LEVEL = "-O";
				VALIDATE_PRODUCT = YES;
			};
			name = Release;
		};
		6469FAE726A689EA00FCD8A2 /* Debug */ = {
			isa = XCBuildConfiguration;
			buildSettings = {
				ASSETCATALOG_COMPILER_APPICON_NAME = AppIcon;
				ASSETCATALOG_COMPILER_GLOBAL_ACCENT_COLOR_NAME = AccentColor;
				CODE_SIGN_STYLE = Automatic;
				DEVELOPMENT_TEAM = 6XKZQY858N;
				INFOPLIST_FILE = Prework/Info.plist;
				LD_RUNPATH_SEARCH_PATHS = (
					"$(inherited)",
					"@executable_path/Frameworks",
				);
				PRODUCT_BUNDLE_IDENTIFIER = com.Isman.Prework;
				PRODUCT_NAME = "$(TARGET_NAME)";
				SWIFT_VERSION = 5.0;
				TARGETED_DEVICE_FAMILY = "1,2";
			};
			name = Debug;
		};
		6469FAE826A689EA00FCD8A2 /* Release */ = {
			isa = XCBuildConfiguration;
			buildSettings = {
				ASSETCATALOG_COMPILER_APPICON_NAME = AppIcon;
				ASSETCATALOG_COMPILER_GLOBAL_ACCENT_COLOR_NAME = AccentColor;
				CODE_SIGN_STYLE = Automatic;
				DEVELOPMENT_TEAM = 6XKZQY858N;
				INFOPLIST_FILE = Prework/Info.plist;
				LD_RUNPATH_SEARCH_PATHS = (
					"$(inherited)",
					"@executable_path/Frameworks",
				);
				PRODUCT_BUNDLE_IDENTIFIER = com.Isman.Prework;
				PRODUCT_NAME = "$(TARGET_NAME)";
				SWIFT_VERSION = 5.0;
				TARGETED_DEVICE_FAMILY = "1,2";
			};
			name = Release;
		};
		6469FAEA26A689EA00FCD8A2 /* Debug */ = {
			isa = XCBuildConfiguration;
			buildSettings = {
				ALWAYS_EMBED_SWIFT_STANDARD_LIBRARIES = YES;
				BUNDLE_LOADER = "$(TEST_HOST)";
				CODE_SIGN_STYLE = Automatic;
				INFOPLIST_FILE = PreworkTests/Info.plist;
				IPHONEOS_DEPLOYMENT_TARGET = 14.5;
				LD_RUNPATH_SEARCH_PATHS = (
					"$(inherited)",
					"@executable_path/Frameworks",
					"@loader_path/Frameworks",
				);
				PRODUCT_BUNDLE_IDENTIFIER = com.Isman.PreworkTests;
				PRODUCT_NAME = "$(TARGET_NAME)";
				SWIFT_VERSION = 5.0;
				TARGETED_DEVICE_FAMILY = "1,2";
				TEST_HOST = "$(BUILT_PRODUCTS_DIR)/Prework.app/Prework";
			};
			name = Debug;
		};
		6469FAEB26A689EA00FCD8A2 /* Release */ = {
			isa = XCBuildConfiguration;
			buildSettings = {
				ALWAYS_EMBED_SWIFT_STANDARD_LIBRARIES = YES;
				BUNDLE_LOADER = "$(TEST_HOST)";
				CODE_SIGN_STYLE = Automatic;
				INFOPLIST_FILE = PreworkTests/Info.plist;
				IPHONEOS_DEPLOYMENT_TARGET = 14.5;
				LD_RUNPATH_SEARCH_PATHS = (
					"$(inherited)",
					"@executable_path/Frameworks",
					"@loader_path/Frameworks",
				);
				PRODUCT_BUNDLE_IDENTIFIER = com.Isman.PreworkTests;
				PRODUCT_NAME = "$(TARGET_NAME)";
				SWIFT_VERSION = 5.0;
				TARGETED_DEVICE_FAMILY = "1,2";
				TEST_HOST = "$(BUILT_PRODUCTS_DIR)/Prework.app/Prework";
			};
			name = Release;
		};
		6469FAED26A689EA00FCD8A2 /* Debug */ = {
			isa = XCBuildConfiguration;
			buildSettings = {
				ALWAYS_EMBED_SWIFT_STANDARD_LIBRARIES = YES;
				CODE_SIGN_STYLE = Automatic;
				INFOPLIST_FILE = PreworkUITests/Info.plist;
				LD_RUNPATH_SEARCH_PATHS = (
					"$(inherited)",
					"@executable_path/Frameworks",
					"@loader_path/Frameworks",
				);
				PRODUCT_BUNDLE_IDENTIFIER = com.Isman.PreworkUITests;
				PRODUCT_NAME = "$(TARGET_NAME)";
				SWIFT_VERSION = 5.0;
				TARGETED_DEVICE_FAMILY = "1,2";
				TEST_TARGET_NAME = Prework;
			};
			name = Debug;
		};
		6469FAEE26A689EA00FCD8A2 /* Release */ = {
			isa = XCBuildConfiguration;
			buildSettings = {
				ALWAYS_EMBED_SWIFT_STANDARD_LIBRARIES = YES;
				CODE_SIGN_STYLE = Automatic;
				INFOPLIST_FILE = PreworkUITests/Info.plist;
				LD_RUNPATH_SEARCH_PATHS = (
					"$(inherited)",
					"@executable_path/Frameworks",
					"@loader_path/Frameworks",
				);
				PRODUCT_BUNDLE_IDENTIFIER = com.Isman.PreworkUITests;
				PRODUCT_NAME = "$(TARGET_NAME)";
				SWIFT_VERSION = 5.0;
				TARGETED_DEVICE_FAMILY = "1,2";
				TEST_TARGET_NAME = Prework;
			};
			name = Release;
		};
/* End XCBuildConfiguration section */

/* Begin XCConfigurationList section */
		6469FAB726A689E700FCD8A2 /* Build configuration list for PBXProject "Prework" */ = {
			isa = XCConfigurationList;
			buildConfigurations = (
				6469FAE426A689EA00FCD8A2 /* Debug */,
				6469FAE526A689EA00FCD8A2 /* Release */,
			);
			defaultConfigurationIsVisible = 0;
			defaultConfigurationName = Release;
		};
		6469FAE626A689EA00FCD8A2 /* Build configuration list for PBXNativeTarget "Prework" */ = {
			isa = XCConfigurationList;
			buildConfigurations = (
				6469FAE726A689EA00FCD8A2 /* Debug */,
				6469FAE826A689EA00FCD8A2 /* Release */,
			);
			defaultConfigurationIsVisible = 0;
			defaultConfigurationName = Release;
		};
		6469FAE926A689EA00FCD8A2 /* Build configuration list for PBXNativeTarget "PreworkTests" */ = {
			isa = XCConfigurationList;
			buildConfigurations = (
				6469FAEA26A689EA00FCD8A2 /* Debug */,
				6469FAEB26A689EA00FCD8A2 /* Release */,
			);
			defaultConfigurationIsVisible = 0;
			defaultConfigurationName = Release;
		};
		6469FAEC26A689EA00FCD8A2 /* Build configuration list for PBXNativeTarget "PreworkUITests" */ = {
			isa = XCConfigurationList;
			buildConfigurations = (
				6469FAED26A689EA00FCD8A2 /* Debug */,
				6469FAEE26A689EA00FCD8A2 /* Release */,
			);
			defaultConfigurationIsVisible = 0;
			defaultConfigurationName = Release;
		};
/* End XCConfigurationList section */
	};
	rootObject = 6469FAB426A689E700FCD8A2 /* Project object */;
}
